// !$*UTF8*$!
{
	archiveVersion = 1;
	classes = {
	};
	objectVersion = 55;
	objects = {

/* Begin PBXBuildFile section */
		396D8A972788751D0013C179 /* Tip_CalcApp.swift in Sources */ = {isa = PBXBuildFile; fileRef = 396D8A962788751D0013C179 /* Tip_CalcApp.swift */; };
		396D8A9B2788754C0013C179 /* Assets.xcassets in Resources */ = {isa = PBXBuildFile; fileRef = 396D8A9A2788754C0013C179 /* Assets.xcassets */; };
		396D8A9E2788754C0013C179 /* Preview Assets.xcassets in Resources */ = {isa = PBXBuildFile; fileRef = 396D8A9D2788754C0013C179 /* Preview Assets.xcassets */; };
		396D8AA727887A120013C179 /* TipCalcView.swift in Sources */ = {isa = PBXBuildFile; fileRef = 396D8AA627887A120013C179 /* TipCalcView.swift */; };
		39CDC378278FE36B00B9C10F /* SplitStepper.swift in Sources */ = {isa = PBXBuildFile; fileRef = 39CDC377278FE36A00B9C10F /* SplitStepper.swift */; };
		39CDC37A279001DC00B9C10F /* TitleView.swift in Sources */ = {isa = PBXBuildFile; fileRef = 39CDC379279001D600B9C10F /* TitleView.swift */; };
		39CDC37C27900C8B00B9C10F /* ResultCardView.swift in Sources */ = {isa = PBXBuildFile; fileRef = 39CDC37B27900C8A00B9C10F /* ResultCardView.swift */; };
		39CDC37E2790200E00B9C10F /* TipCalcViewModel.swift in Sources */ = {isa = PBXBuildFile; fileRef = 39CDC37D2790200D00B9C10F /* TipCalcViewModel.swift */; };
		39EDF50F2792B12E00618DDA /* Launch Screen.storyboard in Resources */ = {isa = PBXBuildFile; fileRef = 39EDF50E2792B12D00618DDA /* Launch Screen.storyboard */; };
/* End PBXBuildFile section */

/* Begin PBXFileReference section */
		396D8A932788751D0013C179 /* Tip Calc.app */ = {isa = PBXFileReference; explicitFileType = wrapper.application; includeInIndex = 0; path = "Tip Calc.app"; sourceTree = BUILT_PRODUCTS_DIR; };
		396D8A962788751D0013C179 /* Tip_CalcApp.swift */ = {isa = PBXFileReference; lastKnownFileType = sourcecode.swift; path = Tip_CalcApp.swift; sourceTree = "<group>"; };
		396D8A9A2788754C0013C179 /* Assets.xcassets */ = {isa = PBXFileReference; lastKnownFileType = folder.assetcatalog; path = Assets.xcassets; sourceTree = "<group>"; };
		396D8A9D2788754C0013C179 /* Preview Assets.xcassets */ = {isa = PBXFileReference; lastKnownFileType = folder.assetcatalog; path = "Preview Assets.xcassets"; sourceTree = "<group>"; };
		396D8AA627887A120013C179 /* TipCalcView.swift */ = {isa = PBXFileReference; lastKnownFileType = sourcecode.swift; path = TipCalcView.swift; sourceTree = "<group>"; };
		39CDC377278FE36A00B9C10F /* SplitStepper.swift */ = {isa = PBXFileReference; lastKnownFileType = sourcecode.swift; path = SplitStepper.swift; sourceTree = "<group>"; };
		39CDC379279001D600B9C10F /* TitleView.swift */ = {isa = PBXFileReference; lastKnownFileType = sourcecode.swift; path = TitleView.swift; sourceTree = "<group>"; };
		39CDC37B27900C8A00B9C10F /* ResultCardView.swift */ = {isa = PBXFileReference; lastKnownFileType = sourcecode.swift; path = ResultCardView.swift; sourceTree = "<group>"; };
		39CDC37D2790200D00B9C10F /* TipCalcViewModel.swift */ = {isa = PBXFileReference; lastKnownFileType = sourcecode.swift; path = TipCalcViewModel.swift; sourceTree = "<group>"; };
		39EDF50D2792AA8500618DDA /* Info.plist */ = {isa = PBXFileReference; lastKnownFileType = text.plist; path = Info.plist; sourceTree = "<group>"; };
		39EDF50E2792B12D00618DDA /* Launch Screen.storyboard */ = {isa = PBXFileReference; lastKnownFileType = file.storyboard; path = "Launch Screen.storyboard"; sourceTree = "<group>"; };
/* End PBXFileReference section */

/* Begin PBXFrameworksBuildPhase section */
		396D8A902788751B0013C179 /* Frameworks */ = {
			isa = PBXFrameworksBuildPhase;
			buildActionMask = 2147483647;
			files = (
			);
			runOnlyForDeploymentPostprocessing = 0;
		};
/* End PBXFrameworksBuildPhase section */

/* Begin PBXGroup section */
		396D8A8A2788751B0013C179 = {
			isa = PBXGroup;
			children = (
				396D8A952788751D0013C179 /* Tip-Calc */,
				396D8A942788751D0013C179 /* Products */,
			);
			sourceTree = "<group>";
		};
		396D8A942788751D0013C179 /* Products */ = {
			isa = PBXGroup;
			children = (
				396D8A932788751D0013C179 /* Tip Calc.app */,
			);
			name = Products;
			sourceTree = "<group>";
		};
		396D8A952788751D0013C179 /* Tip-Calc */ = {
			isa = PBXGroup;
			children = (
				39EDF50D2792AA8500618DDA /* Info.plist */,
				396D8A962788751D0013C179 /* Tip_CalcApp.swift */,
				396D8AA5278879B20013C179 /* ViewModels */,
				396D8AA4278879AC0013C179 /* Views */,
				396D8A9A2788754C0013C179 /* Assets.xcassets */,
				396D8A9C2788754C0013C179 /* Preview Content */,
				39EDF50E2792B12D00618DDA /* Launch Screen.storyboard */,
			);
			path = "Tip-Calc";
			sourceTree = "<group>";
		};
		396D8A9C2788754C0013C179 /* Preview Content */ = {
			isa = PBXGroup;
			children = (
				396D8A9D2788754C0013C179 /* Preview Assets.xcassets */,
			);
			path = "Preview Content";
			sourceTree = "<group>";
		};
		396D8AA4278879AC0013C179 /* Views */ = {
			isa = PBXGroup;
			children = (
				396D8AA627887A120013C179 /* TipCalcView.swift */,
				39CDC377278FE36A00B9C10F /* SplitStepper.swift */,
				39CDC379279001D600B9C10F /* TitleView.swift */,
				39CDC37B27900C8A00B9C10F /* ResultCardView.swift */,
			);
			path = Views;
			sourceTree = "<group>";
		};
		396D8AA5278879B20013C179 /* ViewModels */ = {
			isa = PBXGroup;
			children = (
				39CDC37D2790200D00B9C10F /* TipCalcViewModel.swift */,
			);
			path = ViewModels;
			sourceTree = "<group>";
		};
/* End PBXGroup section */

/* Begin PBXNativeTarget section */
		396D8A922788751B0013C179 /* Tip-Calc */ = {
			isa = PBXNativeTarget;
			buildConfigurationList = 396D8AA12788754C0013C179 /* Build configuration list for PBXNativeTarget "Tip-Calc" */;
			buildPhases = (
				396D8A8F2788751B0013C179 /* Sources */,
				396D8A902788751B0013C179 /* Frameworks */,
				396D8A912788751B0013C179 /* Resources */,
			);
			buildRules = (
			);
			dependencies = (
			);
			name = "Tip-Calc";
			productName = "Tip-Calc";
			productReference = 396D8A932788751D0013C179 /* Tip Calc.app */;
			productType = "com.apple.product-type.application";
		};
/* End PBXNativeTarget section */

/* Begin PBXProject section */
		396D8A8B2788751B0013C179 /* Project object */ = {
			isa = PBXProject;
			attributes = {
				BuildIndependentTargetsInParallel = 1;
				LastSwiftUpdateCheck = 1300;
				LastUpgradeCheck = 1300;
				TargetAttributes = {
					396D8A922788751B0013C179 = {
						CreatedOnToolsVersion = 13.0;
					};
				};
			};
			buildConfigurationList = 396D8A8E2788751B0013C179 /* Build configuration list for PBXProject "Tip-Calc" */;
			compatibilityVersion = "Xcode 13.0";
			developmentRegion = en;
			hasScannedForEncodings = 0;
			knownRegions = (
				en,
				Base,
			);
			mainGroup = 396D8A8A2788751B0013C179;
			productRefGroup = 396D8A942788751D0013C179 /* Products */;
			projectDirPath = "";
			projectRoot = "";
			targets = (
				396D8A922788751B0013C179 /* Tip-Calc */,
			);
		};
/* End PBXProject section */

/* Begin PBXResourcesBuildPhase section */
		396D8A912788751B0013C179 /* Resources */ = {
			isa = PBXResourcesBuildPhase;
			buildActionMask = 2147483647;
			files = (
				39EDF50F2792B12E00618DDA /* Launch Screen.storyboard in Resources */,
				396D8A9E2788754C0013C179 /* Preview Assets.xcassets in Resources */,
				396D8A9B2788754C0013C179 /* Assets.xcassets in Resources */,
			);
			runOnlyForDeploymentPostprocessing = 0;
		};
/* End PBXResourcesBuildPhase section */

/* Begin PBXSourcesBuildPhase section */
		396D8A8F2788751B0013C179 /* Sources */ = {
			isa = PBXSourcesBuildPhase;
			buildActionMask = 2147483647;
			files = (
				396D8A972788751D0013C179 /* Tip_CalcApp.swift in Sources */,
				39CDC378278FE36B00B9C10F /* SplitStepper.swift in Sources */,
				39CDC37C27900C8B00B9C10F /* ResultCardView.swift in Sources */,
				39CDC37E2790200E00B9C10F /* TipCalcViewModel.swift in Sources */,
				396D8AA727887A120013C179 /* TipCalcView.swift in Sources */,
				39CDC37A279001DC00B9C10F /* TitleView.swift in Sources */,
			);
			runOnlyForDeploymentPostprocessing = 0;
		};
/* End PBXSourcesBuildPhase section */

/* Begin XCBuildConfiguration section */
		396D8A9F2788754C0013C179 /* Debug */ = {
			isa = XCBuildConfiguration;
			buildSettings = {
				ALWAYS_SEARCH_USER_PATHS = NO;
				CLANG_ANALYZER_NONNULL = YES;
				CLANG_ANALYZER_NUMBER_OBJECT_CONVERSION = YES_AGGRESSIVE;
				CLANG_CXX_LANGUAGE_STANDARD = "gnu++17";
				CLANG_CXX_LIBRARY = "libc++";
				CLANG_ENABLE_MODULES = YES;
				CLANG_ENABLE_OBJC_ARC = YES;
				CLANG_ENABLE_OBJC_WEAK = YES;
				CLANG_WARN_BLOCK_CAPTURE_AUTORELEASING = YES;
				CLANG_WARN_BOOL_CONVERSION = YES;
				CLANG_WARN_COMMA = YES;
				CLANG_WARN_CONSTANT_CONVERSION = YES;
				CLANG_WARN_DEPRECATED_OBJC_IMPLEMENTATIONS = YES;
				CLANG_WARN_DIRECT_OBJC_ISA_USAGE = YES_ERROR;
				CLANG_WARN_DOCUMENTATION_COMMENTS = YES;
				CLANG_WARN_EMPTY_BODY = YES;
				CLANG_WARN_ENUM_CONVERSION = YES;
				CLANG_WARN_INFINITE_RECURSION = YES;
				CLANG_WARN_INT_CONVERSION = YES;
				CLANG_WARN_NON_LITERAL_NULL_CONVERSION = YES;
				CLANG_WARN_OBJC_IMPLICIT_RETAIN_SELF = YES;
				CLANG_WARN_OBJC_LITERAL_CONVERSION = YES;
				CLANG_WARN_OBJC_ROOT_CLASS = YES_ERROR;
				CLANG_WARN_QUOTED_INCLUDE_IN_FRAMEWORK_HEADER = YES;
				CLANG_WARN_RANGE_LOOP_ANALYSIS = YES;
				CLANG_WARN_STRICT_PROTOTYPES = YES;
				CLANG_WARN_SUSPICIOUS_MOVE = YES;
				CLANG_WARN_UNGUARDED_AVAILABILITY = YES_AGGRESSIVE;
				CLANG_WARN_UNREACHABLE_CODE = YES;
				CLANG_WARN__DUPLICATE_METHOD_MATCH = YES;
				COPY_PHASE_STRIP = NO;
				DEBUG_INFORMATION_FORMAT = dwarf;
				ENABLE_STRICT_OBJC_MSGSEND = YES;
				ENABLE_TESTABILITY = YES;
				GCC_C_LANGUAGE_STANDARD = gnu11;
				GCC_DYNAMIC_NO_PIC = NO;
				GCC_NO_COMMON_BLOCKS = YES;
				GCC_OPTIMIZATION_LEVEL = 0;
				GCC_PREPROCESSOR_DEFINITIONS = (
					"DEBUG=1",
					"$(inherited)",
				);
				GCC_WARN_64_TO_32_BIT_CONVERSION = YES;
				GCC_WARN_ABOUT_RETURN_TYPE = YES_ERROR;
				GCC_WARN_UNDECLARED_SELECTOR = YES;
				GCC_WARN_UNINITIALIZED_AUTOS = YES_AGGRESSIVE;
				GCC_WARN_UNUSED_FUNCTION = YES;
				GCC_WARN_UNUSED_VARIABLE = YES;
				IPHONEOS_DEPLOYMENT_TARGET = 15.0;
				MTL_ENABLE_DEBUG_INFO = INCLUDE_SOURCE;
				MTL_FAST_MATH = YES;
				ONLY_ACTIVE_ARCH = YES;
				SDKROOT = iphoneos;
				SWIFT_ACTIVE_COMPILATION_CONDITIONS = DEBUG;
				SWIFT_OPTIMIZATION_LEVEL = "-Onone";
			};
			name = Debug;
		};
		396D8AA02788754C0013C179 /* Release */ = {
			isa = XCBuildConfiguration;
			buildSettings = {
				ALWAYS_SEARCH_USER_PATHS = NO;
				CLANG_ANALYZER_NONNULL = YES;
				CLANG_ANALYZER_NUMBER_OBJECT_CONVERSION = YES_AGGRESSIVE;
				CLANG_CXX_LANGUAGE_STANDARD = "gnu++17";
				CLANG_CXX_LIBRARY = "libc++";
				CLANG_ENABLE_MODULES = YES;
				CLANG_ENABLE_OBJC_ARC = YES;
				CLANG_ENABLE_OBJC_WEAK = YES;
				CLANG_WARN_BLOCK_CAPTURE_AUTORELEASING = YES;
				CLANG_WARN_BOOL_CONVERSION = YES;
				CLANG_WARN_COMMA = YES;
				CLANG_WARN_CONSTANT_CONVERSION = YES;
				CLANG_WARN_DEPRECATED_OBJC_IMPLEMENTATIONS = YES;
				CLANG_WARN_DIRECT_OBJC_ISA_USAGE = YES_ERROR;
				CLANG_WARN_DOCUMENTATION_COMMENTS = YES;
				CLANG_WARN_EMPTY_BODY = YES;
				CLANG_WARN_ENUM_CONVERSION = YES;
				CLANG_WARN_INFINITE_RECURSION = YES;
				CLANG_WARN_INT_CONVERSION = YES;
				CLANG_WARN_NON_LITERAL_NULL_CONVERSION = YES;
				CLANG_WARN_OBJC_IMPLICIT_RETAIN_SELF = YES;
				CLANG_WARN_OBJC_LITERAL_CONVERSION = YES;
				CLANG_WARN_OBJC_ROOT_CLASS = YES_ERROR;
				CLANG_WARN_QUOTED_INCLUDE_IN_FRAMEWORK_HEADER = YES;
				CLANG_WARN_RANGE_LOOP_ANALYSIS = YES;
				CLANG_WARN_STRICT_PROTOTYPES = YES;
				CLANG_WARN_SUSPICIOUS_MOVE = YES;
				CLANG_WARN_UNGUARDED_AVAILABILITY = YES_AGGRESSIVE;
				CLANG_WARN_UNREACHABLE_CODE = YES;
				CLANG_WARN__DUPLICATE_METHOD_MATCH = YES;
				COPY_PHASE_STRIP = NO;
				DEBUG_INFORMATION_FORMAT = "dwarf-with-dsym";
				ENABLE_NS_ASSERTIONS = NO;
				ENABLE_STRICT_OBJC_MSGSEND = YES;
				GCC_C_LANGUAGE_STANDARD = gnu11;
				GCC_NO_COMMON_BLOCKS = YES;
				GCC_WARN_64_TO_32_BIT_CONVERSION = YES;
				GCC_WARN_ABOUT_RETURN_TYPE = YES_ERROR;
				GCC_WARN_UNDECLARED_SELECTOR = YES;
				GCC_WARN_UNINITIALIZED_AUTOS = YES_AGGRESSIVE;
				GCC_WARN_UNUSED_FUNCTION = YES;
				GCC_WARN_UNUSED_VARIABLE = YES;
				IPHONEOS_DEPLOYMENT_TARGET = 15.0;
				MTL_ENABLE_DEBUG_INFO = NO;
				MTL_FAST_MATH = YES;
				SDKROOT = iphoneos;
				SWIFT_COMPILATION_MODE = wholemodule;
				SWIFT_OPTIMIZATION_LEVEL = "-O";
				VALIDATE_PRODUCT = YES;
			};
			name = Release;
		};
		396D8AA22788754C0013C179 /* Debug */ = {
			isa = XCBuildConfiguration;
			buildSettings = {
				ASSETCATALOG_COMPILER_APPICON_NAME = AppIcon;
				ASSETCATALOG_COMPILER_GLOBAL_ACCENT_COLOR_NAME = AccentColor;
				CODE_SIGN_STYLE = Automatic;
				CURRENT_PROJECT_VERSION = 1;
				DEVELOPMENT_ASSET_PATHS = "\"Tip-Calc/Preview Content\"";
				ENABLE_PREVIEWS = YES;
				GENERATE_INFOPLIST_FILE = YES;
				INFOPLIST_FILE = "Tip-Calc/Info.plist";
				INFOPLIST_KEY_UIApplicationSceneManifest_Generation = YES;
				INFOPLIST_KEY_UIApplicationSupportsIndirectInputEvents = YES;
				INFOPLIST_KEY_UILaunchScreen_Generation = YES;
				INFOPLIST_KEY_UILaunchStoryboardName = "Launch Screen";
				INFOPLIST_KEY_UISupportedInterfaceOrientations = UIInterfaceOrientationPortrait;
				INFOPLIST_KEY_UISupportedInterfaceOrientations_iPad = "UIInterfaceOrientationPortrait UIInterfaceOrientationPortraitUpsideDown UIInterfaceOrientationLandscapeLeft UIInterfaceOrientationLandscapeRight";
				INFOPLIST_KEY_UISupportedInterfaceOrientations_iPhone = UIInterfaceOrientationPortrait;
				IPHONEOS_DEPLOYMENT_TARGET = 15.0;
				LD_RUNPATH_SEARCH_PATHS = (
					"$(inherited)",
					"@executable_path/Frameworks",
				);
				MARKETING_VERSION = 1.0;
				PRODUCT_BUNDLE_IDENTIFIER = "com.badguy.Tip-Calc";
				PRODUCT_NAME = "Tip Calc";
				SWIFT_EMIT_LOC_STRINGS = YES;
				SWIFT_VERSION = 5.0;
				TARGETED_DEVICE_FAMILY = 1;
			};
			name = Debug;
		};
		396D8AA32788754C0013C179 /* Release */ = {
			isa = XCBuildConfiguration;
			buildSettings = {
				ASSETCATALOG_COMPILER_APPICON_NAME = AppIcon;
				ASSETCATALOG_COMPILER_GLOBAL_ACCENT_COLOR_NAME = AccentColor;
				CODE_SIGN_STYLE = Automatic;
				CURRENT_PROJECT_VERSION = 1;
				DEVELOPMENT_ASSET_PATHS = "\"Tip-Calc/Preview Content\"";
				ENABLE_PREVIEWS = YES;
				GENERATE_INFOPLIST_FILE = YES;
				INFOPLIST_FILE = "Tip-Calc/Info.plist";
				INFOPLIST_KEY_UIApplicationSceneManifest_Generation = YES;
				INFOPLIST_KEY_UIApplicationSupportsIndirectInputEvents = YES;
				INFOPLIST_KEY_UILaunchScreen_Generation = YES;
				INFOPLIST_KEY_UILaunchStoryboardName = "Launch Screen";
				INFOPLIST_KEY_UISupportedInterfaceOrientations = UIInterfaceOrientationPortrait;
				INFOPLIST_KEY_UISupportedInterfaceOrientations_iPad = "UIInterfaceOrientationPortrait UIInterfaceOrientationPortraitUpsideDown UIInterfaceOrientationLandscapeLeft UIInterfaceOrientationLandscapeRight";
				INFOPLIST_KEY_UISupportedInterfaceOrientations_iPhone = UIInterfaceOrientationPortrait;
				IPHONEOS_DEPLOYMENT_TARGET = 15.0;
				LD_RUNPATH_SEARCH_PATHS = (
					"$(inherited)",
					"@executable_path/Frameworks",
				);
				MARKETING_VERSION = 1.0;
				PRODUCT_BUNDLE_IDENTIFIER = "com.badguy.Tip-Calc";
				PRODUCT_NAME = "Tip Calc";
				SWIFT_EMIT_LOC_STRINGS = YES;
				SWIFT_VERSION = 5.0;
				TARGETED_DEVICE_FAMILY = 1;
			};
			name = Release;
		};
/* End XCBuildConfiguration section */

/* Begin XCConfigurationList section */
		396D8A8E2788751B0013C179 /* Build configuration list for PBXProject "Tip-Calc" */ = {
			isa = XCConfigurationList;
			buildConfigurations = (
				396D8A9F2788754C0013C179 /* Debug */,
				396D8AA02788754C0013C179 /* Release */,
			);
			defaultConfigurationIsVisible = 0;
			defaultConfigurationName = Release;
		};
		396D8AA12788754C0013C179 /* Build configuration list for PBXNativeTarget "Tip-Calc" */ = {
			isa = XCConfigurationList;
			buildConfigurations = (
				396D8AA22788754C0013C179 /* Debug */,
				396D8AA32788754C0013C179 /* Release */,
			);
			defaultConfigurationIsVisible = 0;
			defaultConfigurationName = Release;
		};
/* End XCConfigurationList section */
	};
	rootObject = 396D8A8B2788751B0013C179 /* Project object */;
}
